
Microsoft Visual Studio Solution File, Format Version 12.00
# Visual Studio Version 17
VisualStudioVersion = 17.11.35208.52
MinimumVisualStudioVersion = 10.0.40219.1
Project("{FAE04EC0-301F-11D3-BF4B-00C04F79EFBC}") = "minesweeper3.0", "minesweeper3.0\minesweeper3.0.csproj", "{F264F7C2-58FB-419B-BB07-F92E24485F8D}"
EndProject
Global
	GlobalSection(SolutionConfigurationPlatforms) = preSolution
		Debug|Any CPU = Debug|Any CPU
		Release|Any CPU = Release|Any CPU
	EndGlobalSection
	GlobalSection(ProjectConfigurationPlatforms) = postSolution
		{F264F7C2-58FB-419B-BB07-F92E24485F8D}.Debug|Any CPU.ActiveCfg = Debug|Any CPU
		{F264F7C2-58FB-419B-BB07-F92E24485F8D}.Debug|Any CPU.Build.0 = Debug|Any CPU
		{F264F7C2-58FB-419B-BB07-F92E24485F8D}.Release|Any CPU.ActiveCfg = Release|Any CPU
		{F264F7C2-58FB-419B-BB07-F92E24485F8D}.Release|Any CPU.Build.0 = Release|Any CPU
	EndGlobalSection
	GlobalSection(SolutionProperties) = preSolution
		HideSolutionNode = FALSE
	EndGlobalSection
	GlobalSection(ExtensibilityGlobals) = postSolution
		SolutionGuid = {3A650677-ED25-4B87-B054-1F5609F9729D}
	EndGlobalSection
EndGlobal
